--- 
dependencies: 
  haml: 
    group: 
    - :default
    version: ">= 3"
  sinatra: 
    group: 
    - :default
    version: ">= 0"
specs: 
- haml: 
    version: 3.0.13
- rack: 
    version: 1.2.1
- sinatra: 
    version: "1.0"
hash: 9c4cd13ba4f3347ef1a80266d01a5f74da5ad1fb
sources: 
- Rubygems: 
    uri: http://gemcutter.org
